{"1.2.0",
[{<<"erlydtl">>,{pkg,<<"erlydtl">>,<<"0.14.0">>},0},
 {<<"markdown">>,
  {git,"https://github.com/ferd/erlmarkdown.git",
       {ref,"e0bceb58948ae4e53d4619856db4a0ab4d8d0d9a"}},
  0},
 {<<"mochiweb">>,{pkg,<<"mochiweb">>,<<"3.2.2">>},0}]}.
[
{pkg_hash,[
 {<<"erlydtl">>, <<"964B2DC84F8C17ACFAA69C59BA129EF26AC45D2BA898C3C6AD9B5BDC8BA13CED">>},
 {<<"mochiweb">>, <<"BB435384B3B9FD1F92F2F3FE652EA644432877A3E8A81ED6459CE951E0482AD3">>}]},
{pkg_hash_ext,[
 {<<"erlydtl">>, <<"D80EC044CD8F58809C19D29AC5605BE09E955040911B644505E31E9DD8143431">>},
 {<<"mochiweb">>, <<"4114E51F1B44C270B3242D91294FE174CE1ED989100E8B65A1FAB58E0CBA41D5">>}]}
].
